
Microsoft Visual Studio Solution File, Format Version 12.00
# Visual Studio 2017
Project("{FAE04EC0-301F-11D3-BF4B-00C04F79EFBC}") = "projeto aula 100000", "projeto aula 100000.csproj", "{82A4EB63-E701-A02D-6A94-E35F6A95A3BB}"
EndProject
Global
	GlobalSection(SolutionConfigurationPlatforms) = preSolution
		Debug|Any CPU = Debug|Any CPU
		Release|Any CPU = Release|Any CPU
	EndGlobalSection
	GlobalSection(ProjectConfigurationPlatforms) = postSolution
		{82A4EB63-E701-A02D-6A94-E35F6A95A3BB}.Debug|Any CPU.ActiveCfg = Debug|Any CPU
		{82A4EB63-E701-A02D-6A94-E35F6A95A3BB}.Debug|Any CPU.Build.0 = Debug|Any CPU
		{82A4EB63-E701-A02D-6A94-E35F6A95A3BB}.Release|Any CPU.ActiveCfg = Release|Any CPU
		{82A4EB63-E701-A02D-6A94-E35F6A95A3BB}.Release|Any CPU.Build.0 = Release|Any CPU
	EndGlobalSection
	GlobalSection(SolutionProperties) = preSolution
		HideSolutionNode = FALSE
	EndGlobalSection
EndGlobal
